
Microsoft Visual Studio Solution File, Format Version 12.00
# Visual Studio 2012
Project("{FAE04EC0-301F-11D3-BF4B-00C04F79EFBC}") = "EGBStats", "EGBStats\EGBStats.csproj", "{A38E54E8-6124-4462-8CA1-5E36B78DC211}"
EndProject
Global
	GlobalSection(SolutionConfigurationPlatforms) = preSolution
		Debug|Any CPU = Debug|Any CPU
		Release|Any CPU = Release|Any CPU
	EndGlobalSection
	GlobalSection(ProjectConfigurationPlatforms) = postSolution
		{A38E54E8-6124-4462-8CA1-5E36B78DC211}.Debug|Any CPU.ActiveCfg = Debug|Any CPU
		{A38E54E8-6124-4462-8CA1-5E36B78DC211}.Debug|Any CPU.Build.0 = Debug|Any CPU
		{A38E54E8-6124-4462-8CA1-5E36B78DC211}.Release|Any CPU.ActiveCfg = Release|Any CPU
		{A38E54E8-6124-4462-8CA1-5E36B78DC211}.Release|Any CPU.Build.0 = Release|Any CPU
	EndGlobalSection
	GlobalSection(SolutionProperties) = preSolution
		HideSolutionNode = FALSE
	EndGlobalSection
EndGlobal
